// !$*UTF8*$!
{
	archiveVersion = 1;
	classes = {
	};
	objectVersion = 55;
	objects = {

/* Begin PBXBuildFile section */
		B00D299B275F6DC6007F7E86 /* AppDelegate.swift in Sources */ = {isa = PBXBuildFile; fileRef = B00D299A275F6DC6007F7E86 /* AppDelegate.swift */; };
		B00D299D275F6DC6007F7E86 /* SceneDelegate.swift in Sources */ = {isa = PBXBuildFile; fileRef = B00D299C275F6DC6007F7E86 /* SceneDelegate.swift */; };
		B00D299F275F6DC6007F7E86 /* ViewController.swift in Sources */ = {isa = PBXBuildFile; fileRef = B00D299E275F6DC6007F7E86 /* ViewController.swift */; };
		B00D29A2275F6DC6007F7E86 /* Main.storyboard in Resources */ = {isa = PBXBuildFile; fileRef = B00D29A0275F6DC6007F7E86 /* Main.storyboard */; };
		B00D29A4275F6DC7007F7E86 /* Assets.xcassets in Resources */ = {isa = PBXBuildFile; fileRef = B00D29A3275F6DC7007F7E86 /* Assets.xcassets */; };
		B00D29A7275F6DC7007F7E86 /* LaunchScreen.storyboard in Resources */ = {isa = PBXBuildFile; fileRef = B00D29A5275F6DC7007F7E86 /* LaunchScreen.storyboard */; };
		B02BD01F275F990600082FBF /* ViewController+alertController.swift in Sources */ = {isa = PBXBuildFile; fileRef = B02BD01E275F990600082FBF /* ViewController+alertController.swift */; };
		B02BD02127609AC200082FBF /* NetworkWeatherManager.swift in Sources */ = {isa = PBXBuildFile; fileRef = B02BD02027609AC200082FBF /* NetworkWeatherManager.swift */; };
		B02BD02827609D3A00082FBF /* API id.swift in Sources */ = {isa = PBXBuildFile; fileRef = B02BD02727609D3A00082FBF /* API id.swift */; };
		B02BD02A2760BBE100082FBF /* CurrentWeatherData.swift in Sources */ = {isa = PBXBuildFile; fileRef = B02BD0292760BBE100082FBF /* CurrentWeatherData.swift */; };
		B02BD02C2760CFD300082FBF /* CurrentWeather.swift in Sources */ = {isa = PBXBuildFile; fileRef = B02BD02B2760CFD300082FBF /* CurrentWeather.swift */; };
/* End PBXBuildFile section */

/* Begin PBXFileReference section */
		B00D2997275F6DC6007F7E86 /* MyWeather.app */ = {isa = PBXFileReference; explicitFileType = wrapper.application; includeInIndex = 0; path = MyWeather.app; sourceTree = BUILT_PRODUCTS_DIR; };
		B00D299A275F6DC6007F7E86 /* AppDelegate.swift */ = {isa = PBXFileReference; lastKnownFileType = sourcecode.swift; path = AppDelegate.swift; sourceTree = "<group>"; };
		B00D299C275F6DC6007F7E86 /* SceneDelegate.swift */ = {isa = PBXFileReference; lastKnownFileType = sourcecode.swift; path = SceneDelegate.swift; sourceTree = "<group>"; };
		B00D299E275F6DC6007F7E86 /* ViewController.swift */ = {isa = PBXFileReference; lastKnownFileType = sourcecode.swift; path = ViewController.swift; sourceTree = "<group>"; };
		B00D29A1275F6DC6007F7E86 /* Base */ = {isa = PBXFileReference; lastKnownFileType = file.storyboard; name = Base; path = Base.lproj/Main.storyboard; sourceTree = "<group>"; };
		B00D29A3275F6DC7007F7E86 /* Assets.xcassets */ = {isa = PBXFileReference; lastKnownFileType = folder.assetcatalog; path = Assets.xcassets; sourceTree = "<group>"; };
		B00D29A6275F6DC7007F7E86 /* Base */ = {isa = PBXFileReference; lastKnownFileType = file.storyboard; name = Base; path = Base.lproj/LaunchScreen.storyboard; sourceTree = "<group>"; };
		B00D29A8275F6DC7007F7E86 /* Info.plist */ = {isa = PBXFileReference; lastKnownFileType = text.plist.xml; path = Info.plist; sourceTree = "<group>"; };
		B02BD01E275F990600082FBF /* ViewController+alertController.swift */ = {isa = PBXFileReference; lastKnownFileType = sourcecode.swift; path = "ViewController+alertController.swift"; sourceTree = "<group>"; };
		B02BD02027609AC200082FBF /* NetworkWeatherManager.swift */ = {isa = PBXFileReference; lastKnownFileType = sourcecode.swift; path = NetworkWeatherManager.swift; sourceTree = "<group>"; };
		B02BD02727609D3A00082FBF /* API id.swift */ = {isa = PBXFileReference; lastKnownFileType = sourcecode.swift; path = "API id.swift"; sourceTree = "<group>"; };
		B02BD0292760BBE100082FBF /* CurrentWeatherData.swift */ = {isa = PBXFileReference; lastKnownFileType = sourcecode.swift; path = CurrentWeatherData.swift; sourceTree = "<group>"; };
		B02BD02B2760CFD300082FBF /* CurrentWeather.swift */ = {isa = PBXFileReference; lastKnownFileType = sourcecode.swift; path = CurrentWeather.swift; sourceTree = "<group>"; };
/* End PBXFileReference section */

/* Begin PBXFrameworksBuildPhase section */
		B00D2994275F6DC6007F7E86 /* Frameworks */ = {
			isa = PBXFrameworksBuildPhase;
			buildActionMask = 2147483647;
			files = (
			);
			runOnlyForDeploymentPostprocessing = 0;
		};
/* End PBXFrameworksBuildPhase section */

/* Begin PBXGroup section */
		B00D298E275F6DC6007F7E86 = {
			isa = PBXGroup;
			children = (
				B00D2999275F6DC6007F7E86 /* MyWeather */,
				B00D2998275F6DC6007F7E86 /* Products */,
			);
			sourceTree = "<group>";
		};
		B00D2998275F6DC6007F7E86 /* Products */ = {
			isa = PBXGroup;
			children = (
				B00D2997275F6DC6007F7E86 /* MyWeather.app */,
			);
			name = Products;
			sourceTree = "<group>";
		};
		B00D2999275F6DC6007F7E86 /* MyWeather */ = {
			isa = PBXGroup;
			children = (
				B02BD02527609B1200082FBF /* Extensions */,
				B02BD02327609ADF00082FBF /* Views */,
				B02BD02227609AC800082FBF /* Models */,
				B02BD02427609AFE00082FBF /* View Controlers */,
				B02BD02627609B3A00082FBF /* Support */,
				B00D29A3275F6DC7007F7E86 /* Assets.xcassets */,
				B00D29A8275F6DC7007F7E86 /* Info.plist */,
			);
			path = MyWeather;
			sourceTree = "<group>";
		};
		B02BD02227609AC800082FBF /* Models */ = {
			isa = PBXGroup;
			children = (
				B02BD02027609AC200082FBF /* NetworkWeatherManager.swift */,
				B02BD02B2760CFD300082FBF /* CurrentWeather.swift */,
				B02BD0292760BBE100082FBF /* CurrentWeatherData.swift */,
			);
			path = Models;
			sourceTree = "<group>";
		};
		B02BD02327609ADF00082FBF /* Views */ = {
			isa = PBXGroup;
			children = (
				B00D29A0275F6DC6007F7E86 /* Main.storyboard */,
				B00D29A5275F6DC7007F7E86 /* LaunchScreen.storyboard */,
			);
			path = Views;
			sourceTree = "<group>";
		};
		B02BD02427609AFE00082FBF /* View Controlers */ = {
			isa = PBXGroup;
			children = (
				B00D299E275F6DC6007F7E86 /* ViewController.swift */,
			);
			path = "View Controlers";
			sourceTree = "<group>";
		};
		B02BD02527609B1200082FBF /* Extensions */ = {
			isa = PBXGroup;
			children = (
				B02BD01E275F990600082FBF /* ViewController+alertController.swift */,
			);
			path = Extensions;
			sourceTree = "<group>";
		};
		B02BD02627609B3A00082FBF /* Support */ = {
			isa = PBXGroup;
			children = (
				B02BD02727609D3A00082FBF /* API id.swift */,
				B00D299A275F6DC6007F7E86 /* AppDelegate.swift */,
				B00D299C275F6DC6007F7E86 /* SceneDelegate.swift */,
			);
			path = Support;
			sourceTree = "<group>";
		};
/* End PBXGroup section */

/* Begin PBXNativeTarget section */
		B00D2996275F6DC6007F7E86 /* MyWeather */ = {
			isa = PBXNativeTarget;
			buildConfigurationList = B00D29AB275F6DC7007F7E86 /* Build configuration list for PBXNativeTarget "MyWeather" */;
			buildPhases = (
				B00D2993275F6DC6007F7E86 /* Sources */,
				B00D2994275F6DC6007F7E86 /* Frameworks */,
				B00D2995275F6DC6007F7E86 /* Resources */,
			);
			buildRules = (
			);
			dependencies = (
			);
			name = MyWeather;
			productName = MyWeather;
			productReference = B00D2997275F6DC6007F7E86 /* MyWeather.app */;
			productType = "com.apple.product-type.application";
		};
/* End PBXNativeTarget section */

/* Begin PBXProject section */
		B00D298F275F6DC6007F7E86 /* Project object */ = {
			isa = PBXProject;
			attributes = {
				BuildIndependentTargetsInParallel = 1;
				LastSwiftUpdateCheck = 1310;
				LastUpgradeCheck = 1310;
				TargetAttributes = {
					B00D2996275F6DC6007F7E86 = {
						CreatedOnToolsVersion = 13.1;
					};
				};
			};
			buildConfigurationList = B00D2992275F6DC6007F7E86 /* Build configuration list for PBXProject "MyWeather" */;
			compatibilityVersion = "Xcode 13.0";
			developmentRegion = en;
			hasScannedForEncodings = 0;
			knownRegions = (
				en,
				Base,
			);
			mainGroup = B00D298E275F6DC6007F7E86;
			productRefGroup = B00D2998275F6DC6007F7E86 /* Products */;
			projectDirPath = "";
			projectRoot = "";
			targets = (
				B00D2996275F6DC6007F7E86 /* MyWeather */,
			);
		};
/* End PBXProject section */

/* Begin PBXResourcesBuildPhase section */
		B00D2995275F6DC6007F7E86 /* Resources */ = {
			isa = PBXResourcesBuildPhase;
			buildActionMask = 2147483647;
			files = (
				B00D29A7275F6DC7007F7E86 /* LaunchScreen.storyboard in Resources */,
				B00D29A4275F6DC7007F7E86 /* Assets.xcassets in Resources */,
				B00D29A2275F6DC6007F7E86 /* Main.storyboard in Resources */,
			);
			runOnlyForDeploymentPostprocessing = 0;
		};
/* End PBXResourcesBuildPhase section */

/* Begin PBXSourcesBuildPhase section */
		B00D2993275F6DC6007F7E86 /* Sources */ = {
			isa = PBXSourcesBuildPhase;
			buildActionMask = 2147483647;
			files = (
				B00D299F275F6DC6007F7E86 /* ViewController.swift in Sources */,
				B02BD01F275F990600082FBF /* ViewController+alertController.swift in Sources */,
				B02BD02C2760CFD300082FBF /* CurrentWeather.swift in Sources */,
				B02BD02127609AC200082FBF /* NetworkWeatherManager.swift in Sources */,
				B00D299B275F6DC6007F7E86 /* AppDelegate.swift in Sources */,
				B02BD02827609D3A00082FBF /* API id.swift in Sources */,
				B02BD02A2760BBE100082FBF /* CurrentWeatherData.swift in Sources */,
				B00D299D275F6DC6007F7E86 /* SceneDelegate.swift in Sources */,
			);
			runOnlyForDeploymentPostprocessing = 0;
		};
/* End PBXSourcesBuildPhase section */

/* Begin PBXVariantGroup section */
		B00D29A0275F6DC6007F7E86 /* Main.storyboard */ = {
			isa = PBXVariantGroup;
			children = (
				B00D29A1275F6DC6007F7E86 /* Base */,
			);
			name = Main.storyboard;
			sourceTree = "<group>";
		};
		B00D29A5275F6DC7007F7E86 /* LaunchScreen.storyboard */ = {
			isa = PBXVariantGroup;
			children = (
				B00D29A6275F6DC7007F7E86 /* Base */,
			);
			name = LaunchScreen.storyboard;
			sourceTree = "<group>";
		};
/* End PBXVariantGroup section */

/* Begin XCBuildConfiguration section */
		B00D29A9275F6DC7007F7E86 /* Debug */ = {
			isa = XCBuildConfiguration;
			buildSettings = {
				ALWAYS_SEARCH_USER_PATHS = NO;
				CLANG_ANALYZER_NONNULL = YES;
				CLANG_ANALYZER_NUMBER_OBJECT_CONVERSION = YES_AGGRESSIVE;
				CLANG_CXX_LANGUAGE_STANDARD = "gnu++17";
				CLANG_CXX_LIBRARY = "libc++";
				CLANG_ENABLE_MODULES = YES;
				CLANG_ENABLE_OBJC_ARC = YES;
				CLANG_ENABLE_OBJC_WEAK = YES;
				CLANG_WARN_BLOCK_CAPTURE_AUTORELEASING = YES;
				CLANG_WARN_BOOL_CONVERSION = YES;
				CLANG_WARN_COMMA = YES;
				CLANG_WARN_CONSTANT_CONVERSION = YES;
				CLANG_WARN_DEPRECATED_OBJC_IMPLEMENTATIONS = YES;
				CLANG_WARN_DIRECT_OBJC_ISA_USAGE = YES_ERROR;
				CLANG_WARN_DOCUMENTATION_COMMENTS = YES;
				CLANG_WARN_EMPTY_BODY = YES;
				CLANG_WARN_ENUM_CONVERSION = YES;
				CLANG_WARN_INFINITE_RECURSION = YES;
				CLANG_WARN_INT_CONVERSION = YES;
				CLANG_WARN_NON_LITERAL_NULL_CONVERSION = YES;
				CLANG_WARN_OBJC_IMPLICIT_RETAIN_SELF = YES;
				CLANG_WARN_OBJC_LITERAL_CONVERSION = YES;
				CLANG_WARN_OBJC_ROOT_CLASS = YES_ERROR;
				CLANG_WARN_QUOTED_INCLUDE_IN_FRAMEWORK_HEADER = YES;
				CLANG_WARN_RANGE_LOOP_ANALYSIS = YES;
				CLANG_WARN_STRICT_PROTOTYPES = YES;
				CLANG_WARN_SUSPICIOUS_MOVE = YES;
				CLANG_WARN_UNGUARDED_AVAILABILITY = YES_AGGRESSIVE;
				CLANG_WARN_UNREACHABLE_CODE = YES;
				CLANG_WARN__DUPLICATE_METHOD_MATCH = YES;
				COPY_PHASE_STRIP = NO;
				DEBUG_INFORMATION_FORMAT = dwarf;
				ENABLE_STRICT_OBJC_MSGSEND = YES;
				ENABLE_TESTABILITY = YES;
				GCC_C_LANGUAGE_STANDARD = gnu11;
				GCC_DYNAMIC_NO_PIC = NO;
				GCC_NO_COMMON_BLOCKS = YES;
				GCC_OPTIMIZATION_LEVEL = 0;
				GCC_PREPROCESSOR_DEFINITIONS = (
					"DEBUG=1",
					"$(inherited)",
				);
				GCC_WARN_64_TO_32_BIT_CONVERSION = YES;
				GCC_WARN_ABOUT_RETURN_TYPE = YES_ERROR;
				GCC_WARN_UNDECLARED_SELECTOR = YES;
				GCC_WARN_UNINITIALIZED_AUTOS = YES_AGGRESSIVE;
				GCC_WARN_UNUSED_FUNCTION = YES;
				GCC_WARN_UNUSED_VARIABLE = YES;
				IPHONEOS_DEPLOYMENT_TARGET = 15.0;
				MTL_ENABLE_DEBUG_INFO = INCLUDE_SOURCE;
				MTL_FAST_MATH = YES;
				ONLY_ACTIVE_ARCH = YES;
				SDKROOT = iphoneos;
				SWIFT_ACTIVE_COMPILATION_CONDITIONS = DEBUG;
				SWIFT_OPTIMIZATION_LEVEL = "-Onone";
			};
			name = Debug;
		};
		B00D29AA275F6DC7007F7E86 /* Release */ = {
			isa = XCBuildConfiguration;
			buildSettings = {
				ALWAYS_SEARCH_USER_PATHS = NO;
				CLANG_ANALYZER_NONNULL = YES;
				CLANG_ANALYZER_NUMBER_OBJECT_CONVERSION = YES_AGGRESSIVE;
				CLANG_CXX_LANGUAGE_STANDARD = "gnu++17";
				CLANG_CXX_LIBRARY = "libc++";
				CLANG_ENABLE_MODULES = YES;
				CLANG_ENABLE_OBJC_ARC = YES;
				CLANG_ENABLE_OBJC_WEAK = YES;
				CLANG_WARN_BLOCK_CAPTURE_AUTORELEASING = YES;
				CLANG_WARN_BOOL_CONVERSION = YES;
				CLANG_WARN_COMMA = YES;
				CLANG_WARN_CONSTANT_CONVERSION = YES;
				CLANG_WARN_DEPRECATED_OBJC_IMPLEMENTATIONS = YES;
				CLANG_WARN_DIRECT_OBJC_ISA_USAGE = YES_ERROR;
				CLANG_WARN_DOCUMENTATION_COMMENTS = YES;
				CLANG_WARN_EMPTY_BODY = YES;
				CLANG_WARN_ENUM_CONVERSION = YES;
				CLANG_WARN_INFINITE_RECURSION = YES;
				CLANG_WARN_INT_CONVERSION = YES;
				CLANG_WARN_NON_LITERAL_NULL_CONVERSION = YES;
				CLANG_WARN_OBJC_IMPLICIT_RETAIN_SELF = YES;
				CLANG_WARN_OBJC_LITERAL_CONVERSION = YES;
				CLANG_WARN_OBJC_ROOT_CLASS = YES_ERROR;
				CLANG_WARN_QUOTED_INCLUDE_IN_FRAMEWORK_HEADER = YES;
				CLANG_WARN_RANGE_LOOP_ANALYSIS = YES;
				CLANG_WARN_STRICT_PROTOTYPES = YES;
				CLANG_WARN_SUSPICIOUS_MOVE = YES;
				CLANG_WARN_UNGUARDED_AVAILABILITY = YES_AGGRESSIVE;
				CLANG_WARN_UNREACHABLE_CODE = YES;
				CLANG_WARN__DUPLICATE_METHOD_MATCH = YES;
				COPY_PHASE_STRIP = NO;
				DEBUG_INFORMATION_FORMAT = "dwarf-with-dsym";
				ENABLE_NS_ASSERTIONS = NO;
				ENABLE_STRICT_OBJC_MSGSEND = YES;
				GCC_C_LANGUAGE_STANDARD = gnu11;
				GCC_NO_COMMON_BLOCKS = YES;
				GCC_WARN_64_TO_32_BIT_CONVERSION = YES;
				GCC_WARN_ABOUT_RETURN_TYPE = YES_ERROR;
				GCC_WARN_UNDECLARED_SELECTOR = YES;
				GCC_WARN_UNINITIALIZED_AUTOS = YES_AGGRESSIVE;
				GCC_WARN_UNUSED_FUNCTION = YES;
				GCC_WARN_UNUSED_VARIABLE = YES;
				IPHONEOS_DEPLOYMENT_TARGET = 15.0;
				MTL_ENABLE_DEBUG_INFO = NO;
				MTL_FAST_MATH = YES;
				SDKROOT = iphoneos;
				SWIFT_COMPILATION_MODE = wholemodule;
				SWIFT_OPTIMIZATION_LEVEL = "-O";
				VALIDATE_PRODUCT = YES;
			};
			name = Release;
		};
		B00D29AC275F6DC7007F7E86 /* Debug */ = {
			isa = XCBuildConfiguration;
			buildSettings = {
				ASSETCATALOG_COMPILER_APPICON_NAME = AppIcon;
				ASSETCATALOG_COMPILER_GLOBAL_ACCENT_COLOR_NAME = AccentColor;
				CODE_SIGN_STYLE = Automatic;
				CURRENT_PROJECT_VERSION = 1;
				DEVELOPMENT_TEAM = X358X4364S;
				GENERATE_INFOPLIST_FILE = YES;
				INFOPLIST_FILE = MyWeather/Info.plist;
				INFOPLIST_KEY_UIApplicationSupportsIndirectInputEvents = YES;
				INFOPLIST_KEY_UILaunchStoryboardName = LaunchScreen;
				INFOPLIST_KEY_UIMainStoryboardFile = Main;
				INFOPLIST_KEY_UISupportedInterfaceOrientations = UIInterfaceOrientationPortrait;
				INFOPLIST_KEY_UISupportedInterfaceOrientations_iPad = "UIInterfaceOrientationPortrait UIInterfaceOrientationPortraitUpsideDown UIInterfaceOrientationLandscapeLeft UIInterfaceOrientationLandscapeRight";
				INFOPLIST_KEY_UISupportedInterfaceOrientations_iPhone = "UIInterfaceOrientationPortrait UIInterfaceOrientationLandscapeLeft UIInterfaceOrientationLandscapeRight";
				LD_RUNPATH_SEARCH_PATHS = (
					"$(inherited)",
					"@executable_path/Frameworks",
				);
				MARKETING_VERSION = 1.0;
				PRODUCT_BUNDLE_IDENTIFIER = "Oleksandr-Kachkin.MyWeather";
				PRODUCT_NAME = "$(TARGET_NAME)";
				SWIFT_EMIT_LOC_STRINGS = YES;
				SWIFT_VERSION = 5.0;
				TARGETED_DEVICE_FAMILY = "1,2";
			};
			name = Debug;
		};
		B00D29AD275F6DC7007F7E86 /* Release */ = {
			isa = XCBuildConfiguration;
			buildSettings = {
				ASSETCATALOG_COMPILER_APPICON_NAME = AppIcon;
				ASSETCATALOG_COMPILER_GLOBAL_ACCENT_COLOR_NAME = AccentColor;
				CODE_SIGN_STYLE = Automatic;
				CURRENT_PROJECT_VERSION = 1;
				DEVELOPMENT_TEAM = X358X4364S;
				GENERATE_INFOPLIST_FILE = YES;
				INFOPLIST_FILE = MyWeather/Info.plist;
				INFOPLIST_KEY_UIApplicationSupportsIndirectInputEvents = YES;
				INFOPLIST_KEY_UILaunchStoryboardName = LaunchScreen;
				INFOPLIST_KEY_UIMainStoryboardFile = Main;
				INFOPLIST_KEY_UISupportedInterfaceOrientations = UIInterfaceOrientationPortrait;
				INFOPLIST_KEY_UISupportedInterfaceOrientations_iPad = "UIInterfaceOrientationPortrait UIInterfaceOrientationPortraitUpsideDown UIInterfaceOrientationLandscapeLeft UIInterfaceOrientationLandscapeRight";
				INFOPLIST_KEY_UISupportedInterfaceOrientations_iPhone = "UIInterfaceOrientationPortrait UIInterfaceOrientationLandscapeLeft UIInterfaceOrientationLandscapeRight";
				LD_RUNPATH_SEARCH_PATHS = (
					"$(inherited)",
					"@executable_path/Frameworks",
				);
				MARKETING_VERSION = 1.0;
				PRODUCT_BUNDLE_IDENTIFIER = "Oleksandr-Kachkin.MyWeather";
				PRODUCT_NAME = "$(TARGET_NAME)";
				SWIFT_EMIT_LOC_STRINGS = YES;
				SWIFT_VERSION = 5.0;
				TARGETED_DEVICE_FAMILY = "1,2";
			};
			name = Release;
		};
/* End XCBuildConfiguration section */

/* Begin XCConfigurationList section */
		B00D2992275F6DC6007F7E86 /* Build configuration list for PBXProject "MyWeather" */ = {
			isa = XCConfigurationList;
			buildConfigurations = (
				B00D29A9275F6DC7007F7E86 /* Debug */,
				B00D29AA275F6DC7007F7E86 /* Release */,
			);
			defaultConfigurationIsVisible = 0;
			defaultConfigurationName = Release;
		};
		B00D29AB275F6DC7007F7E86 /* Build configuration list for PBXNativeTarget "MyWeather" */ = {
			isa = XCConfigurationList;
			buildConfigurations = (
				B00D29AC275F6DC7007F7E86 /* Debug */,
				B00D29AD275F6DC7007F7E86 /* Release */,
			);
			defaultConfigurationIsVisible = 0;
			defaultConfigurationName = Release;
		};
/* End XCConfigurationList section */
	};
	rootObject = B00D298F275F6DC6007F7E86 /* Project object */;
}
