// !$*UTF8*$!
{
	archiveVersion = 1;
	classes = {
	};
	objectVersion = 55;
	objects = {

/* Begin PBXBuildFile section */
		B0626B08280D833E0058D5BE /* AppDelegate.swift in Sources */ = {isa = PBXBuildFile; fileRef = B0626B07280D833E0058D5BE /* AppDelegate.swift */; };
		B0626B0A280D833E0058D5BE /* SceneDelegate.swift in Sources */ = {isa = PBXBuildFile; fileRef = B0626B09280D833E0058D5BE /* SceneDelegate.swift */; };
		B0626B0C280D833E0058D5BE /* ViewController.swift in Sources */ = {isa = PBXBuildFile; fileRef = B0626B0B280D833E0058D5BE /* ViewController.swift */; };
		B0626B0F280D833E0058D5BE /* Main.storyboard in Resources */ = {isa = PBXBuildFile; fileRef = B0626B0D280D833E0058D5BE /* Main.storyboard */; };
		B0626B11280D83400058D5BE /* Assets.xcassets in Resources */ = {isa = PBXBuildFile; fileRef = B0626B10280D83400058D5BE /* Assets.xcassets */; };
		B0626B14280D83400058D5BE /* LaunchScreen.storyboard in Resources */ = {isa = PBXBuildFile; fileRef = B0626B12280D83400058D5BE /* LaunchScreen.storyboard */; };
		B067DBFA28100D75007C2C04 /* CustomTableViewCell.swift in Sources */ = {isa = PBXBuildFile; fileRef = B067DBF928100D75007C2C04 /* CustomTableViewCell.swift */; };
		B067DBFC28101AB1007C2C04 /* SpendingModel.swift in Sources */ = {isa = PBXBuildFile; fileRef = B067DBFB28101AB1007C2C04 /* SpendingModel.swift */; };
		EE8DDA8C6E1AF2D2E30E59CB /* Pods_FirstMoney.framework in Frameworks */ = {isa = PBXBuildFile; fileRef = A3D76ADCFCC188CABB0ADF17 /* Pods_FirstMoney.framework */; };
/* End PBXBuildFile section */

/* Begin PBXFileReference section */
		1112F6F28223820FE5791B37 /* Pods-FirstMoney.debug.xcconfig */ = {isa = PBXFileReference; includeInIndex = 1; lastKnownFileType = text.xcconfig; name = "Pods-FirstMoney.debug.xcconfig"; path = "Target Support Files/Pods-FirstMoney/Pods-FirstMoney.debug.xcconfig"; sourceTree = "<group>"; };
		A3D76ADCFCC188CABB0ADF17 /* Pods_FirstMoney.framework */ = {isa = PBXFileReference; explicitFileType = wrapper.framework; includeInIndex = 0; path = Pods_FirstMoney.framework; sourceTree = BUILT_PRODUCTS_DIR; };
		B0626B04280D833E0058D5BE /* FirstMoney.app */ = {isa = PBXFileReference; explicitFileType = wrapper.application; includeInIndex = 0; path = FirstMoney.app; sourceTree = BUILT_PRODUCTS_DIR; };
		B0626B07280D833E0058D5BE /* AppDelegate.swift */ = {isa = PBXFileReference; lastKnownFileType = sourcecode.swift; path = AppDelegate.swift; sourceTree = "<group>"; };
		B0626B09280D833E0058D5BE /* SceneDelegate.swift */ = {isa = PBXFileReference; lastKnownFileType = sourcecode.swift; path = SceneDelegate.swift; sourceTree = "<group>"; };
		B0626B0B280D833E0058D5BE /* ViewController.swift */ = {isa = PBXFileReference; lastKnownFileType = sourcecode.swift; path = ViewController.swift; sourceTree = "<group>"; };
		B0626B0E280D833E0058D5BE /* Base */ = {isa = PBXFileReference; lastKnownFileType = file.storyboard; name = Base; path = Base.lproj/Main.storyboard; sourceTree = "<group>"; };
		B0626B10280D83400058D5BE /* Assets.xcassets */ = {isa = PBXFileReference; lastKnownFileType = folder.assetcatalog; path = Assets.xcassets; sourceTree = "<group>"; };
		B0626B13280D83400058D5BE /* Base */ = {isa = PBXFileReference; lastKnownFileType = file.storyboard; name = Base; path = Base.lproj/LaunchScreen.storyboard; sourceTree = "<group>"; };
		B0626B15280D83400058D5BE /* Info.plist */ = {isa = PBXFileReference; lastKnownFileType = text.plist.xml; path = Info.plist; sourceTree = "<group>"; };
		B067DBF928100D75007C2C04 /* CustomTableViewCell.swift */ = {isa = PBXFileReference; lastKnownFileType = sourcecode.swift; path = CustomTableViewCell.swift; sourceTree = "<group>"; };
		B067DBFB28101AB1007C2C04 /* SpendingModel.swift */ = {isa = PBXFileReference; lastKnownFileType = sourcecode.swift; path = SpendingModel.swift; sourceTree = "<group>"; };
		B51A614636F542E40649C277 /* Pods-FirstMoney.release.xcconfig */ = {isa = PBXFileReference; includeInIndex = 1; lastKnownFileType = text.xcconfig; name = "Pods-FirstMoney.release.xcconfig"; path = "Target Support Files/Pods-FirstMoney/Pods-FirstMoney.release.xcconfig"; sourceTree = "<group>"; };
/* End PBXFileReference section */

/* Begin PBXFrameworksBuildPhase section */
		B0626B01280D833E0058D5BE /* Frameworks */ = {
			isa = PBXFrameworksBuildPhase;
			buildActionMask = 2147483647;
			files = (
				EE8DDA8C6E1AF2D2E30E59CB /* Pods_FirstMoney.framework in Frameworks */,
			);
			runOnlyForDeploymentPostprocessing = 0;
		};
/* End PBXFrameworksBuildPhase section */

/* Begin PBXGroup section */
		4AFBCD31CB02DDADC2127138 /* Pods */ = {
			isa = PBXGroup;
			children = (
				1112F6F28223820FE5791B37 /* Pods-FirstMoney.debug.xcconfig */,
				B51A614636F542E40649C277 /* Pods-FirstMoney.release.xcconfig */,
			);
			path = Pods;
			sourceTree = "<group>";
		};
		7FAF48232AEA300DB53A74DD /* Frameworks */ = {
			isa = PBXGroup;
			children = (
				A3D76ADCFCC188CABB0ADF17 /* Pods_FirstMoney.framework */,
			);
			name = Frameworks;
			sourceTree = "<group>";
		};
		B0626AFB280D833E0058D5BE = {
			isa = PBXGroup;
			children = (
				B0626B06280D833E0058D5BE /* FirstMoney */,
				B0626B05280D833E0058D5BE /* Products */,
				4AFBCD31CB02DDADC2127138 /* Pods */,
				7FAF48232AEA300DB53A74DD /* Frameworks */,
			);
			sourceTree = "<group>";
		};
		B0626B05280D833E0058D5BE /* Products */ = {
			isa = PBXGroup;
			children = (
				B0626B04280D833E0058D5BE /* FirstMoney.app */,
			);
			name = Products;
			sourceTree = "<group>";
		};
		B0626B06280D833E0058D5BE /* FirstMoney */ = {
			isa = PBXGroup;
			children = (
				B0626B07280D833E0058D5BE /* AppDelegate.swift */,
				B0626B09280D833E0058D5BE /* SceneDelegate.swift */,
				B0626B0B280D833E0058D5BE /* ViewController.swift */,
				B067DBF928100D75007C2C04 /* CustomTableViewCell.swift */,
				B0626B0D280D833E0058D5BE /* Main.storyboard */,
				B067DBFB28101AB1007C2C04 /* SpendingModel.swift */,
				B0626B10280D83400058D5BE /* Assets.xcassets */,
				B0626B12280D83400058D5BE /* LaunchScreen.storyboard */,
				B0626B15280D83400058D5BE /* Info.plist */,
			);
			path = FirstMoney;
			sourceTree = "<group>";
		};
/* End PBXGroup section */

/* Begin PBXNativeTarget section */
		B0626B03280D833E0058D5BE /* FirstMoney */ = {
			isa = PBXNativeTarget;
			buildConfigurationList = B0626B18280D83400058D5BE /* Build configuration list for PBXNativeTarget "FirstMoney" */;
			buildPhases = (
				D2B7D07340C95AA7E1CE968E /* [CP] Check Pods Manifest.lock */,
				B0626B00280D833E0058D5BE /* Sources */,
				B0626B01280D833E0058D5BE /* Frameworks */,
				B0626B02280D833E0058D5BE /* Resources */,
				9D0F9019210D403AF612BC61 /* [CP] Embed Pods Frameworks */,
			);
			buildRules = (
			);
			dependencies = (
			);
			name = FirstMoney;
			productName = FirstMoney;
			productReference = B0626B04280D833E0058D5BE /* FirstMoney.app */;
			productType = "com.apple.product-type.application";
		};
/* End PBXNativeTarget section */

/* Begin PBXProject section */
		B0626AFC280D833E0058D5BE /* Project object */ = {
			isa = PBXProject;
			attributes = {
				BuildIndependentTargetsInParallel = 1;
				LastSwiftUpdateCheck = 1330;
				LastUpgradeCheck = 1330;
				TargetAttributes = {
					B0626B03280D833E0058D5BE = {
						CreatedOnToolsVersion = 13.3;
					};
				};
			};
			buildConfigurationList = B0626AFF280D833E0058D5BE /* Build configuration list for PBXProject "FirstMoney" */;
			compatibilityVersion = "Xcode 13.0";
			developmentRegion = en;
			hasScannedForEncodings = 0;
			knownRegions = (
				en,
				Base,
			);
			mainGroup = B0626AFB280D833E0058D5BE;
			productRefGroup = B0626B05280D833E0058D5BE /* Products */;
			projectDirPath = "";
			projectRoot = "";
			targets = (
				B0626B03280D833E0058D5BE /* FirstMoney */,
			);
		};
/* End PBXProject section */

/* Begin PBXResourcesBuildPhase section */
		B0626B02280D833E0058D5BE /* Resources */ = {
			isa = PBXResourcesBuildPhase;
			buildActionMask = 2147483647;
			files = (
				B0626B14280D83400058D5BE /* LaunchScreen.storyboard in Resources */,
				B0626B11280D83400058D5BE /* Assets.xcassets in Resources */,
				B0626B0F280D833E0058D5BE /* Main.storyboard in Resources */,
			);
			runOnlyForDeploymentPostprocessing = 0;
		};
/* End PBXResourcesBuildPhase section */

/* Begin PBXShellScriptBuildPhase section */
		9D0F9019210D403AF612BC61 /* [CP] Embed Pods Frameworks */ = {
			isa = PBXShellScriptBuildPhase;
			buildActionMask = 2147483647;
			files = (
			);
			inputFileListPaths = (
				"${PODS_ROOT}/Target Support Files/Pods-FirstMoney/Pods-FirstMoney-frameworks-${CONFIGURATION}-input-files.xcfilelist",
			);
			name = "[CP] Embed Pods Frameworks";
			outputFileListPaths = (
				"${PODS_ROOT}/Target Support Files/Pods-FirstMoney/Pods-FirstMoney-frameworks-${CONFIGURATION}-output-files.xcfilelist",
			);
			runOnlyForDeploymentPostprocessing = 0;
			shellPath = /bin/sh;
			shellScript = "\"${PODS_ROOT}/Target Support Files/Pods-FirstMoney/Pods-FirstMoney-frameworks.sh\"\n";
			showEnvVarsInLog = 0;
		};
		D2B7D07340C95AA7E1CE968E /* [CP] Check Pods Manifest.lock */ = {
			isa = PBXShellScriptBuildPhase;
			buildActionMask = 2147483647;
			files = (
			);
			inputFileListPaths = (
			);
			inputPaths = (
				"${PODS_PODFILE_DIR_PATH}/Podfile.lock",
				"${PODS_ROOT}/Manifest.lock",
			);
			name = "[CP] Check Pods Manifest.lock";
			outputFileListPaths = (
			);
			outputPaths = (
				"$(DERIVED_FILE_DIR)/Pods-FirstMoney-checkManifestLockResult.txt",
			);
			runOnlyForDeploymentPostprocessing = 0;
			shellPath = /bin/sh;
			shellScript = "diff \"${PODS_PODFILE_DIR_PATH}/Podfile.lock\" \"${PODS_ROOT}/Manifest.lock\" > /dev/null\nif [ $? != 0 ] ; then\n    # print error to STDERR\n    echo \"error: The sandbox is not in sync with the Podfile.lock. Run 'pod install' or update your CocoaPods installation.\" >&2\n    exit 1\nfi\n# This output is used by Xcode 'outputs' to avoid re-running this script phase.\necho \"SUCCESS\" > \"${SCRIPT_OUTPUT_FILE_0}\"\n";
			showEnvVarsInLog = 0;
		};
/* End PBXShellScriptBuildPhase section */

/* Begin PBXSourcesBuildPhase section */
		B0626B00280D833E0058D5BE /* Sources */ = {
			isa = PBXSourcesBuildPhase;
			buildActionMask = 2147483647;
			files = (
				B0626B0C280D833E0058D5BE /* ViewController.swift in Sources */,
				B0626B08280D833E0058D5BE /* AppDelegate.swift in Sources */,
				B067DBFA28100D75007C2C04 /* CustomTableViewCell.swift in Sources */,
				B067DBFC28101AB1007C2C04 /* SpendingModel.swift in Sources */,
				B0626B0A280D833E0058D5BE /* SceneDelegate.swift in Sources */,
			);
			runOnlyForDeploymentPostprocessing = 0;
		};
/* End PBXSourcesBuildPhase section */

/* Begin PBXVariantGroup section */
		B0626B0D280D833E0058D5BE /* Main.storyboard */ = {
			isa = PBXVariantGroup;
			children = (
				B0626B0E280D833E0058D5BE /* Base */,
			);
			name = Main.storyboard;
			sourceTree = "<group>";
		};
		B0626B12280D83400058D5BE /* LaunchScreen.storyboard */ = {
			isa = PBXVariantGroup;
			children = (
				B0626B13280D83400058D5BE /* Base */,
			);
			name = LaunchScreen.storyboard;
			sourceTree = "<group>";
		};
/* End PBXVariantGroup section */

/* Begin XCBuildConfiguration section */
		B0626B16280D83400058D5BE /* Debug */ = {
			isa = XCBuildConfiguration;
			buildSettings = {
				ALWAYS_SEARCH_USER_PATHS = NO;
				CLANG_ANALYZER_NONNULL = YES;
				CLANG_ANALYZER_NUMBER_OBJECT_CONVERSION = YES_AGGRESSIVE;
				CLANG_CXX_LANGUAGE_STANDARD = "gnu++17";
				CLANG_ENABLE_MODULES = YES;
				CLANG_ENABLE_OBJC_ARC = YES;
				CLANG_ENABLE_OBJC_WEAK = YES;
				CLANG_WARN_BLOCK_CAPTURE_AUTORELEASING = YES;
				CLANG_WARN_BOOL_CONVERSION = YES;
				CLANG_WARN_COMMA = YES;
				CLANG_WARN_CONSTANT_CONVERSION = YES;
				CLANG_WARN_DEPRECATED_OBJC_IMPLEMENTATIONS = YES;
				CLANG_WARN_DIRECT_OBJC_ISA_USAGE = YES_ERROR;
				CLANG_WARN_DOCUMENTATION_COMMENTS = YES;
				CLANG_WARN_EMPTY_BODY = YES;
				CLANG_WARN_ENUM_CONVERSION = YES;
				CLANG_WARN_INFINITE_RECURSION = YES;
				CLANG_WARN_INT_CONVERSION = YES;
				CLANG_WARN_NON_LITERAL_NULL_CONVERSION = YES;
				CLANG_WARN_OBJC_IMPLICIT_RETAIN_SELF = YES;
				CLANG_WARN_OBJC_LITERAL_CONVERSION = YES;
				CLANG_WARN_OBJC_ROOT_CLASS = YES_ERROR;
				CLANG_WARN_QUOTED_INCLUDE_IN_FRAMEWORK_HEADER = YES;
				CLANG_WARN_RANGE_LOOP_ANALYSIS = YES;
				CLANG_WARN_STRICT_PROTOTYPES = YES;
				CLANG_WARN_SUSPICIOUS_MOVE = YES;
				CLANG_WARN_UNGUARDED_AVAILABILITY = YES_AGGRESSIVE;
				CLANG_WARN_UNREACHABLE_CODE = YES;
				CLANG_WARN__DUPLICATE_METHOD_MATCH = YES;
				COPY_PHASE_STRIP = NO;
				DEBUG_INFORMATION_FORMAT = dwarf;
				ENABLE_STRICT_OBJC_MSGSEND = YES;
				ENABLE_TESTABILITY = YES;
				GCC_C_LANGUAGE_STANDARD = gnu11;
				GCC_DYNAMIC_NO_PIC = NO;
				GCC_NO_COMMON_BLOCKS = YES;
				GCC_OPTIMIZATION_LEVEL = 0;
				GCC_PREPROCESSOR_DEFINITIONS = (
					"DEBUG=1",
					"$(inherited)",
				);
				GCC_WARN_64_TO_32_BIT_CONVERSION = YES;
				GCC_WARN_ABOUT_RETURN_TYPE = YES_ERROR;
				GCC_WARN_UNDECLARED_SELECTOR = YES;
				GCC_WARN_UNINITIALIZED_AUTOS = YES_AGGRESSIVE;
				GCC_WARN_UNUSED_FUNCTION = YES;
				GCC_WARN_UNUSED_VARIABLE = YES;
				IPHONEOS_DEPLOYMENT_TARGET = 15.4;
				MTL_ENABLE_DEBUG_INFO = INCLUDE_SOURCE;
				MTL_FAST_MATH = YES;
				ONLY_ACTIVE_ARCH = YES;
				SDKROOT = iphoneos;
				SWIFT_ACTIVE_COMPILATION_CONDITIONS = DEBUG;
				SWIFT_OPTIMIZATION_LEVEL = "-Onone";
			};
			name = Debug;
		};
		B0626B17280D83400058D5BE /* Release */ = {
			isa = XCBuildConfiguration;
			buildSettings = {
				ALWAYS_SEARCH_USER_PATHS = NO;
				CLANG_ANALYZER_NONNULL = YES;
				CLANG_ANALYZER_NUMBER_OBJECT_CONVERSION = YES_AGGRESSIVE;
				CLANG_CXX_LANGUAGE_STANDARD = "gnu++17";
				CLANG_ENABLE_MODULES = YES;
				CLANG_ENABLE_OBJC_ARC = YES;
				CLANG_ENABLE_OBJC_WEAK = YES;
				CLANG_WARN_BLOCK_CAPTURE_AUTORELEASING = YES;
				CLANG_WARN_BOOL_CONVERSION = YES;
				CLANG_WARN_COMMA = YES;
				CLANG_WARN_CONSTANT_CONVERSION = YES;
				CLANG_WARN_DEPRECATED_OBJC_IMPLEMENTATIONS = YES;
				CLANG_WARN_DIRECT_OBJC_ISA_USAGE = YES_ERROR;
				CLANG_WARN_DOCUMENTATION_COMMENTS = YES;
				CLANG_WARN_EMPTY_BODY = YES;
				CLANG_WARN_ENUM_CONVERSION = YES;
				CLANG_WARN_INFINITE_RECURSION = YES;
				CLANG_WARN_INT_CONVERSION = YES;
				CLANG_WARN_NON_LITERAL_NULL_CONVERSION = YES;
				CLANG_WARN_OBJC_IMPLICIT_RETAIN_SELF = YES;
				CLANG_WARN_OBJC_LITERAL_CONVERSION = YES;
				CLANG_WARN_OBJC_ROOT_CLASS = YES_ERROR;
				CLANG_WARN_QUOTED_INCLUDE_IN_FRAMEWORK_HEADER = YES;
				CLANG_WARN_RANGE_LOOP_ANALYSIS = YES;
				CLANG_WARN_STRICT_PROTOTYPES = YES;
				CLANG_WARN_SUSPICIOUS_MOVE = YES;
				CLANG_WARN_UNGUARDED_AVAILABILITY = YES_AGGRESSIVE;
				CLANG_WARN_UNREACHABLE_CODE = YES;
				CLANG_WARN__DUPLICATE_METHOD_MATCH = YES;
				COPY_PHASE_STRIP = NO;
				DEBUG_INFORMATION_FORMAT = "dwarf-with-dsym";
				ENABLE_NS_ASSERTIONS = NO;
				ENABLE_STRICT_OBJC_MSGSEND = YES;
				GCC_C_LANGUAGE_STANDARD = gnu11;
				GCC_NO_COMMON_BLOCKS = YES;
				GCC_WARN_64_TO_32_BIT_CONVERSION = YES;
				GCC_WARN_ABOUT_RETURN_TYPE = YES_ERROR;
				GCC_WARN_UNDECLARED_SELECTOR = YES;
				GCC_WARN_UNINITIALIZED_AUTOS = YES_AGGRESSIVE;
				GCC_WARN_UNUSED_FUNCTION = YES;
				GCC_WARN_UNUSED_VARIABLE = YES;
				IPHONEOS_DEPLOYMENT_TARGET = 15.4;
				MTL_ENABLE_DEBUG_INFO = NO;
				MTL_FAST_MATH = YES;
				SDKROOT = iphoneos;
				SWIFT_COMPILATION_MODE = wholemodule;
				SWIFT_OPTIMIZATION_LEVEL = "-O";
				VALIDATE_PRODUCT = YES;
			};
			name = Release;
		};
		B0626B19280D83400058D5BE /* Debug */ = {
			isa = XCBuildConfiguration;
			baseConfigurationReference = 1112F6F28223820FE5791B37 /* Pods-FirstMoney.debug.xcconfig */;
			buildSettings = {
				ASSETCATALOG_COMPILER_APPICON_NAME = AppIcon;
				ASSETCATALOG_COMPILER_GLOBAL_ACCENT_COLOR_NAME = AccentColor;
				CODE_SIGN_STYLE = Automatic;
				CURRENT_PROJECT_VERSION = 1;
				DEVELOPMENT_TEAM = X358X4364S;
				GENERATE_INFOPLIST_FILE = YES;
				INFOPLIST_FILE = FirstMoney/Info.plist;
				INFOPLIST_KEY_UIApplicationSupportsIndirectInputEvents = YES;
				INFOPLIST_KEY_UILaunchStoryboardName = LaunchScreen;
				INFOPLIST_KEY_UIMainStoryboardFile = Main;
				INFOPLIST_KEY_UISupportedInterfaceOrientations = UIInterfaceOrientationPortrait;
				INFOPLIST_KEY_UISupportedInterfaceOrientations_iPad = "UIInterfaceOrientationPortrait UIInterfaceOrientationPortraitUpsideDown UIInterfaceOrientationLandscapeLeft UIInterfaceOrientationLandscapeRight";
				INFOPLIST_KEY_UISupportedInterfaceOrientations_iPhone = "UIInterfaceOrientationPortrait UIInterfaceOrientationLandscapeLeft UIInterfaceOrientationLandscapeRight";
				LD_RUNPATH_SEARCH_PATHS = (
					"$(inherited)",
					"@executable_path/Frameworks",
				);
				MARKETING_VERSION = 1.0;
				PRODUCT_BUNDLE_IDENTIFIER = "Oleksandr-Kachkin.FirstMoney";
				PRODUCT_NAME = "$(TARGET_NAME)";
				SWIFT_EMIT_LOC_STRINGS = YES;
				SWIFT_VERSION = 5.0;
				TARGETED_DEVICE_FAMILY = "1,2";
			};
			name = Debug;
		};
		B0626B1A280D83400058D5BE /* Release */ = {
			isa = XCBuildConfiguration;
			baseConfigurationReference = B51A614636F542E40649C277 /* Pods-FirstMoney.release.xcconfig */;
			buildSettings = {
				ASSETCATALOG_COMPILER_APPICON_NAME = AppIcon;
				ASSETCATALOG_COMPILER_GLOBAL_ACCENT_COLOR_NAME = AccentColor;
				CODE_SIGN_STYLE = Automatic;
				CURRENT_PROJECT_VERSION = 1;
				DEVELOPMENT_TEAM = X358X4364S;
				GENERATE_INFOPLIST_FILE = YES;
				INFOPLIST_FILE = FirstMoney/Info.plist;
				INFOPLIST_KEY_UIApplicationSupportsIndirectInputEvents = YES;
				INFOPLIST_KEY_UILaunchStoryboardName = LaunchScreen;
				INFOPLIST_KEY_UIMainStoryboardFile = Main;
				INFOPLIST_KEY_UISupportedInterfaceOrientations = UIInterfaceOrientationPortrait;
				INFOPLIST_KEY_UISupportedInterfaceOrientations_iPad = "UIInterfaceOrientationPortrait UIInterfaceOrientationPortraitUpsideDown UIInterfaceOrientationLandscapeLeft UIInterfaceOrientationLandscapeRight";
				INFOPLIST_KEY_UISupportedInterfaceOrientations_iPhone = "UIInterfaceOrientationPortrait UIInterfaceOrientationLandscapeLeft UIInterfaceOrientationLandscapeRight";
				LD_RUNPATH_SEARCH_PATHS = (
					"$(inherited)",
					"@executable_path/Frameworks",
				);
				MARKETING_VERSION = 1.0;
				PRODUCT_BUNDLE_IDENTIFIER = "Oleksandr-Kachkin.FirstMoney";
				PRODUCT_NAME = "$(TARGET_NAME)";
				SWIFT_EMIT_LOC_STRINGS = YES;
				SWIFT_VERSION = 5.0;
				TARGETED_DEVICE_FAMILY = "1,2";
			};
			name = Release;
		};
/* End XCBuildConfiguration section */

/* Begin XCConfigurationList section */
		B0626AFF280D833E0058D5BE /* Build configuration list for PBXProject "FirstMoney" */ = {
			isa = XCConfigurationList;
			buildConfigurations = (
				B0626B16280D83400058D5BE /* Debug */,
				B0626B17280D83400058D5BE /* Release */,
			);
			defaultConfigurationIsVisible = 0;
			defaultConfigurationName = Release;
		};
		B0626B18280D83400058D5BE /* Build configuration list for PBXNativeTarget "FirstMoney" */ = {
			isa = XCConfigurationList;
			buildConfigurations = (
				B0626B19280D83400058D5BE /* Debug */,
				B0626B1A280D83400058D5BE /* Release */,
			);
			defaultConfigurationIsVisible = 0;
			defaultConfigurationName = Release;
		};
/* End XCConfigurationList section */
	};
	rootObject = B0626AFC280D833E0058D5BE /* Project object */;
}
